PODS:
  - EZSwiftExtensions (1.9)
  - Hero (0.3.6)
  - Material (2.6.3):
    - Material/Core (= 2.6.3)
  - Material/Core (2.6.3)

DEPENDENCIES:
  - EZSwiftExtensions
  - Hero
  - Material (~> 2.0)

SPEC CHECKSUMS:
  EZSwiftExtensions: ce22bf6fc5c6e7c883fec413300b006e123735d0
  Hero: d3c6f4dd80cdcdbb339be64e57ae3b5c3ab9938c
  Material: af607a7ec0e9978ef85cf189a3d8ceeeb650400f

PODFILE CHECKSUM: 7e67e3beb9a4b56bbbf73fe5c6fb521657e1950c

COCOAPODS: 1.2.1
