// !$*UTF8*$!
{
	archiveVersion = 1;
	classes = {
	};
	objectVersion = 46;
	objects = {

/* Begin PBXBuildFile section */
		15266EA76167A60AF58B9D50 /* Pods_genericClasses.framework in Frameworks */ = {isa = PBXBuildFile; fileRef = 3827635DA6ECFE114E9977D0 /* Pods_genericClasses.framework */; };
		1DFF9FDC1EDBE45200100F9E /* genericClasses.xcdatamodeld in Sources */ = {isa = PBXBuildFile; fileRef = 1DFF9FDA1EDBE45200100F9E /* genericClasses.xcdatamodeld */; };
		1DFF9FDE1EDBE45200100F9E /* Assets.xcassets in Resources */ = {isa = PBXBuildFile; fileRef = 1DFF9FDD1EDBE45200100F9E /* Assets.xcassets */; };
		1DFF9FEC1EDBE45200100F9E /* genericClassesTests.swift in Sources */ = {isa = PBXBuildFile; fileRef = 1DFF9FEB1EDBE45200100F9E /* genericClassesTests.swift */; };
		1DFF9FF71EDBE45200100F9E /* genericClassesUITests.swift in Sources */ = {isa = PBXBuildFile; fileRef = 1DFF9FF61EDBE45200100F9E /* genericClassesUITests.swift */; };
		213D95611EDC2F0000487AE8 /* AppDelegate.swift in Sources */ = {isa = PBXBuildFile; fileRef = 213D95551EDC2F0000487AE8 /* AppDelegate.swift */; };
		213D95621EDC2F0000487AE8 /* springEffect.swift in Sources */ = {isa = PBXBuildFile; fileRef = 213D95571EDC2F0000487AE8 /* springEffect.swift */; };
		213D95631EDC2F0000487AE8 /* textFieldMaterial.swift in Sources */ = {isa = PBXBuildFile; fileRef = 213D95581EDC2F0000487AE8 /* textFieldMaterial.swift */; };
		213D95641EDC2F0000487AE8 /* ViewController.swift in Sources */ = {isa = PBXBuildFile; fileRef = 213D955C1EDC2F0000487AE8 /* ViewController.swift */; };
		213D95651EDC2F0000487AE8 /* LaunchScreen.storyboard in Resources */ = {isa = PBXBuildFile; fileRef = 213D955F1EDC2F0000487AE8 /* LaunchScreen.storyboard */; };
		213D95661EDC2F0000487AE8 /* Main.storyboard in Resources */ = {isa = PBXBuildFile; fileRef = 213D95601EDC2F0000487AE8 /* Main.storyboard */; };
		6210163D2A378444C5A220C0 /* Pods_genericClassesUITests.framework in Frameworks */ = {isa = PBXBuildFile; fileRef = C279867266CC461E6F618D5E /* Pods_genericClassesUITests.framework */; };
		9E0EE575339080BC2B42DE10 /* Pods_genericClassesTests.framework in Frameworks */ = {isa = PBXBuildFile; fileRef = 7AB5814FFACB5BC28E1178AA /* Pods_genericClassesTests.framework */; };
/* End PBXBuildFile section */

/* Begin PBXContainerItemProxy section */
		1DFF9FE81EDBE45200100F9E /* PBXContainerItemProxy */ = {
			isa = PBXContainerItemProxy;
			containerPortal = 1DFF9FC81EDBE45200100F9E /* Project object */;
			proxyType = 1;
			remoteGlobalIDString = 1DFF9FCF1EDBE45200100F9E;
			remoteInfo = genericClasses;
		};
		1DFF9FF31EDBE45200100F9E /* PBXContainerItemProxy */ = {
			isa = PBXContainerItemProxy;
			containerPortal = 1DFF9FC81EDBE45200100F9E /* Project object */;
			proxyType = 1;
			remoteGlobalIDString = 1DFF9FCF1EDBE45200100F9E;
			remoteInfo = genericClasses;
		};
/* End PBXContainerItemProxy section */

/* Begin PBXFileReference section */
		1DFF9FD01EDBE45200100F9E /* genericClasses.app */ = {isa = PBXFileReference; explicitFileType = wrapper.application; includeInIndex = 0; path = genericClasses.app; sourceTree = BUILT_PRODUCTS_DIR; };
		1DFF9FDB1EDBE45200100F9E /* genericClasses.xcdatamodel */ = {isa = PBXFileReference; lastKnownFileType = wrapper.xcdatamodel; path = genericClasses.xcdatamodel; sourceTree = "<group>"; };
		1DFF9FDD1EDBE45200100F9E /* Assets.xcassets */ = {isa = PBXFileReference; lastKnownFileType = folder.assetcatalog; path = Assets.xcassets; sourceTree = "<group>"; };
		1DFF9FE21EDBE45200100F9E /* Info.plist */ = {isa = PBXFileReference; lastKnownFileType = text.plist.xml; path = Info.plist; sourceTree = "<group>"; };
		1DFF9FE71EDBE45200100F9E /* genericClassesTests.xctest */ = {isa = PBXFileReference; explicitFileType = wrapper.cfbundle; includeInIndex = 0; path = genericClassesTests.xctest; sourceTree = BUILT_PRODUCTS_DIR; };
		1DFF9FEB1EDBE45200100F9E /* genericClassesTests.swift */ = {isa = PBXFileReference; lastKnownFileType = sourcecode.swift; path = genericClassesTests.swift; sourceTree = "<group>"; };
		1DFF9FED1EDBE45200100F9E /* Info.plist */ = {isa = PBXFileReference; lastKnownFileType = text.plist.xml; path = Info.plist; sourceTree = "<group>"; };
		1DFF9FF21EDBE45200100F9E /* genericClassesUITests.xctest */ = {isa = PBXFileReference; explicitFileType = wrapper.cfbundle; includeInIndex = 0; path = genericClassesUITests.xctest; sourceTree = BUILT_PRODUCTS_DIR; };
		1DFF9FF61EDBE45200100F9E /* genericClassesUITests.swift */ = {isa = PBXFileReference; lastKnownFileType = sourcecode.swift; path = genericClassesUITests.swift; sourceTree = "<group>"; };
		1DFF9FF81EDBE45200100F9E /* Info.plist */ = {isa = PBXFileReference; lastKnownFileType = text.plist.xml; path = Info.plist; sourceTree = "<group>"; };
		213D95551EDC2F0000487AE8 /* AppDelegate.swift */ = {isa = PBXFileReference; fileEncoding = 4; lastKnownFileType = sourcecode.swift; path = AppDelegate.swift; sourceTree = "<group>"; };
		213D95571EDC2F0000487AE8 /* springEffect.swift */ = {isa = PBXFileReference; fileEncoding = 4; lastKnownFileType = sourcecode.swift; path = springEffect.swift; sourceTree = "<group>"; };
		213D95581EDC2F0000487AE8 /* textFieldMaterial.swift */ = {isa = PBXFileReference; fileEncoding = 4; lastKnownFileType = sourcecode.swift; path = textFieldMaterial.swift; sourceTree = "<group>"; };
		213D955C1EDC2F0000487AE8 /* ViewController.swift */ = {isa = PBXFileReference; fileEncoding = 4; lastKnownFileType = sourcecode.swift; path = ViewController.swift; sourceTree = "<group>"; };
		213D955F1EDC2F0000487AE8 /* LaunchScreen.storyboard */ = {isa = PBXFileReference; fileEncoding = 4; lastKnownFileType = file.storyboard; path = LaunchScreen.storyboard; sourceTree = "<group>"; };
		213D95601EDC2F0000487AE8 /* Main.storyboard */ = {isa = PBXFileReference; fileEncoding = 4; lastKnownFileType = file.storyboard; path = Main.storyboard; sourceTree = "<group>"; };
		2E78A84C68B44F2BBA97B539 /* Pods-genericClassesTests.debug.xcconfig */ = {isa = PBXFileReference; includeInIndex = 1; lastKnownFileType = text.xcconfig; name = "Pods-genericClassesTests.debug.xcconfig"; path = "Pods/Target Support Files/Pods-genericClassesTests/Pods-genericClassesTests.debug.xcconfig"; sourceTree = "<group>"; };
		35839E807923ECDF23A8EE0D /* Pods-genericClasses.debug.xcconfig */ = {isa = PBXFileReference; includeInIndex = 1; lastKnownFileType = text.xcconfig; name = "Pods-genericClasses.debug.xcconfig"; path = "Pods/Target Support Files/Pods-genericClasses/Pods-genericClasses.debug.xcconfig"; sourceTree = "<group>"; };
		3827635DA6ECFE114E9977D0 /* Pods_genericClasses.framework */ = {isa = PBXFileReference; explicitFileType = wrapper.framework; includeInIndex = 0; path = Pods_genericClasses.framework; sourceTree = BUILT_PRODUCTS_DIR; };
		5022F8AC4E58EC69F86A090C /* Pods-genericClassesTests.release.xcconfig */ = {isa = PBXFileReference; includeInIndex = 1; lastKnownFileType = text.xcconfig; name = "Pods-genericClassesTests.release.xcconfig"; path = "Pods/Target Support Files/Pods-genericClassesTests/Pods-genericClassesTests.release.xcconfig"; sourceTree = "<group>"; };
		694D2A4E0B4E80DE1FBC0415 /* Pods-genericClassesUITests.release.xcconfig */ = {isa = PBXFileReference; includeInIndex = 1; lastKnownFileType = text.xcconfig; name = "Pods-genericClassesUITests.release.xcconfig"; path = "Pods/Target Support Files/Pods-genericClassesUITests/Pods-genericClassesUITests.release.xcconfig"; sourceTree = "<group>"; };
		7AB5814FFACB5BC28E1178AA /* Pods_genericClassesTests.framework */ = {isa = PBXFileReference; explicitFileType = wrapper.framework; includeInIndex = 0; path = Pods_genericClassesTests.framework; sourceTree = BUILT_PRODUCTS_DIR; };
		B6223E2867BE9F2CFBA0BB4B /* Pods-genericClasses.release.xcconfig */ = {isa = PBXFileReference; includeInIndex = 1; lastKnownFileType = text.xcconfig; name = "Pods-genericClasses.release.xcconfig"; path = "Pods/Target Support Files/Pods-genericClasses/Pods-genericClasses.release.xcconfig"; sourceTree = "<group>"; };
		C279867266CC461E6F618D5E /* Pods_genericClassesUITests.framework */ = {isa = PBXFileReference; explicitFileType = wrapper.framework; includeInIndex = 0; path = Pods_genericClassesUITests.framework; sourceTree = BUILT_PRODUCTS_DIR; };
		C5185574E05CA06DB750FBDA /* Pods-genericClassesUITests.debug.xcconfig */ = {isa = PBXFileReference; includeInIndex = 1; lastKnownFileType = text.xcconfig; name = "Pods-genericClassesUITests.debug.xcconfig"; path = "Pods/Target Support Files/Pods-genericClassesUITests/Pods-genericClassesUITests.debug.xcconfig"; sourceTree = "<group>"; };
/* End PBXFileReference section */

/* Begin PBXFrameworksBuildPhase section */
		1DFF9FCD1EDBE45200100F9E /* Frameworks */ = {
			isa = PBXFrameworksBuildPhase;
			buildActionMask = 2147483647;
			files = (
				15266EA76167A60AF58B9D50 /* Pods_genericClasses.framework in Frameworks */,
			);
			runOnlyForDeploymentPostprocessing = 0;
		};
		1DFF9FE41EDBE45200100F9E /* Frameworks */ = {
			isa = PBXFrameworksBuildPhase;
			buildActionMask = 2147483647;
			files = (
				9E0EE575339080BC2B42DE10 /* Pods_genericClassesTests.framework in Frameworks */,
			);
			runOnlyForDeploymentPostprocessing = 0;
		};
		1DFF9FEF1EDBE45200100F9E /* Frameworks */ = {
			isa = PBXFrameworksBuildPhase;
			buildActionMask = 2147483647;
			files = (
				6210163D2A378444C5A220C0 /* Pods_genericClassesUITests.framework in Frameworks */,
			);
			runOnlyForDeploymentPostprocessing = 0;
		};
/* End PBXFrameworksBuildPhase section */

/* Begin PBXGroup section */
		0C46D3E211755DC5485FD999 /* Frameworks */ = {
			isa = PBXGroup;
			children = (
				3827635DA6ECFE114E9977D0 /* Pods_genericClasses.framework */,
				7AB5814FFACB5BC28E1178AA /* Pods_genericClassesTests.framework */,
				C279867266CC461E6F618D5E /* Pods_genericClassesUITests.framework */,
			);
			name = Frameworks;
			sourceTree = "<group>";
		};
		1DFF9FC71EDBE45200100F9E = {
			isa = PBXGroup;
			children = (
				1DFF9FD21EDBE45200100F9E /* genericClasses */,
				1DFF9FEA1EDBE45200100F9E /* genericClassesTests */,
				1DFF9FF51EDBE45200100F9E /* genericClassesUITests */,
				1DFF9FD11EDBE45200100F9E /* Products */,
				A944221EAC613A7D21B3A16A /* Pods */,
				0C46D3E211755DC5485FD999 /* Frameworks */,
			);
			sourceTree = "<group>";
		};
		1DFF9FD11EDBE45200100F9E /* Products */ = {
			isa = PBXGroup;
			children = (
				1DFF9FD01EDBE45200100F9E /* genericClasses.app */,
				1DFF9FE71EDBE45200100F9E /* genericClassesTests.xctest */,
				1DFF9FF21EDBE45200100F9E /* genericClassesUITests.xctest */,
			);
			name = Products;
			sourceTree = "<group>";
		};
		1DFF9FD21EDBE45200100F9E /* genericClasses */ = {
			isa = PBXGroup;
			children = (
				1DFFA0041EDBE4D900100F9E /* Classes */,
				1DFF9FDD1EDBE45200100F9E /* Assets.xcassets */,
				1DFF9FE21EDBE45200100F9E /* Info.plist */,
				1DFF9FDA1EDBE45200100F9E /* genericClasses.xcdatamodeld */,
			);
			path = genericClasses;
			sourceTree = "<group>";
		};
		1DFF9FEA1EDBE45200100F9E /* genericClassesTests */ = {
			isa = PBXGroup;
			children = (
				1DFF9FEB1EDBE45200100F9E /* genericClassesTests.swift */,
				1DFF9FED1EDBE45200100F9E /* Info.plist */,
			);
			path = genericClassesTests;
			sourceTree = "<group>";
		};
		1DFF9FF51EDBE45200100F9E /* genericClassesUITests */ = {
			isa = PBXGroup;
			children = (
				1DFF9FF61EDBE45200100F9E /* genericClassesUITests.swift */,
				1DFF9FF81EDBE45200100F9E /* Info.plist */,
			);
			path = genericClassesUITests;
			sourceTree = "<group>";
		};
		1DFFA0041EDBE4D900100F9E /* Classes */ = {
			isa = PBXGroup;
			children = (
				213D95531EDC2F0000487AE8 /* EveryThing */,
			);
			path = Classes;
			sourceTree = "<group>";
		};
		213D95531EDC2F0000487AE8 /* EveryThing */ = {
			isa = PBXGroup;
			children = (
				213D95541EDC2F0000487AE8 /* AppDelegate */,
				213D95561EDC2F0000487AE8 /* Classes */,
				213D95591EDC2F0000487AE8 /* MVC */,
			);
			name = EveryThing;
			path = genericClasses/EveryThing;
			sourceTree = SOURCE_ROOT;
		};
		213D95541EDC2F0000487AE8 /* AppDelegate */ = {
			isa = PBXGroup;
			children = (
				213D95551EDC2F0000487AE8 /* AppDelegate.swift */,
			);
			path = AppDelegate;
			sourceTree = "<group>";
		};
		213D95561EDC2F0000487AE8 /* Classes */ = {
			isa = PBXGroup;
			children = (
				213D95571EDC2F0000487AE8 /* springEffect.swift */,
				213D95581EDC2F0000487AE8 /* textFieldMaterial.swift */,
			);
			path = Classes;
			sourceTree = "<group>";
		};
		213D95591EDC2F0000487AE8 /* MVC */ = {
			isa = PBXGroup;
			children = (
				213D955A1EDC2F0000487AE8 /* Controllers */,
				213D955D1EDC2F0000487AE8 /* Modal */,
				213D955E1EDC2F0000487AE8 /* Views */,
			);
			path = MVC;
			sourceTree = "<group>";
		};
		213D955A1EDC2F0000487AE8 /* Controllers */ = {
			isa = PBXGroup;
			children = (
				213D955B1EDC2F0000487AE8 /* Main */,
			);
			path = Controllers;
			sourceTree = "<group>";
		};
		213D955B1EDC2F0000487AE8 /* Main */ = {
			isa = PBXGroup;
			children = (
				213D955C1EDC2F0000487AE8 /* ViewController.swift */,
			);
			path = Main;
			sourceTree = "<group>";
		};
		213D955D1EDC2F0000487AE8 /* Modal */ = {
			isa = PBXGroup;
			children = (
			);
			path = Modal;
			sourceTree = "<group>";
		};
		213D955E1EDC2F0000487AE8 /* Views */ = {
			isa = PBXGroup;
			children = (
				213D955F1EDC2F0000487AE8 /* LaunchScreen.storyboard */,
				213D95601EDC2F0000487AE8 /* Main.storyboard */,
			);
			path = Views;
			sourceTree = "<group>";
		};
		A944221EAC613A7D21B3A16A /* Pods */ = {
			isa = PBXGroup;
			children = (
				35839E807923ECDF23A8EE0D /* Pods-genericClasses.debug.xcconfig */,
				B6223E2867BE9F2CFBA0BB4B /* Pods-genericClasses.release.xcconfig */,
				2E78A84C68B44F2BBA97B539 /* Pods-genericClassesTests.debug.xcconfig */,
				5022F8AC4E58EC69F86A090C /* Pods-genericClassesTests.release.xcconfig */,
				C5185574E05CA06DB750FBDA /* Pods-genericClassesUITests.debug.xcconfig */,
				694D2A4E0B4E80DE1FBC0415 /* Pods-genericClassesUITests.release.xcconfig */,
			);
			name = Pods;
			sourceTree = "<group>";
		};
/* End PBXGroup section */

/* Begin PBXNativeTarget section */
		1DFF9FCF1EDBE45200100F9E /* genericClasses */ = {
			isa = PBXNativeTarget;
			buildConfigurationList = 1DFF9FFB1EDBE45200100F9E /* Build configuration list for PBXNativeTarget "genericClasses" */;
			buildPhases = (
				0830706E66214FDCFBF83684 /* [CP] Check Pods Manifest.lock */,
				1DFF9FCC1EDBE45200100F9E /* Sources */,
				1DFF9FCD1EDBE45200100F9E /* Frameworks */,
				1DFF9FCE1EDBE45200100F9E /* Resources */,
				2908F4815CEEA372C8439970 /* [CP] Embed Pods Frameworks */,
				0027A38B2FE611355AE4091A /* [CP] Copy Pods Resources */,
			);
			buildRules = (
			);
			dependencies = (
			);
			name = genericClasses;
			productName = genericClasses;
			productReference = 1DFF9FD01EDBE45200100F9E /* genericClasses.app */;
			productType = "com.apple.product-type.application";
		};
		1DFF9FE61EDBE45200100F9E /* genericClassesTests */ = {
			isa = PBXNativeTarget;
			buildConfigurationList = 1DFF9FFE1EDBE45200100F9E /* Build configuration list for PBXNativeTarget "genericClassesTests" */;
			buildPhases = (
				78BDEF93E942DF98A0256739 /* [CP] Check Pods Manifest.lock */,
				1DFF9FE31EDBE45200100F9E /* Sources */,
				1DFF9FE41EDBE45200100F9E /* Frameworks */,
				1DFF9FE51EDBE45200100F9E /* Resources */,
				004090BE9FB702D344B2E385 /* [CP] Embed Pods Frameworks */,
				B5A7375A2F21551C643D1F06 /* [CP] Copy Pods Resources */,
			);
			buildRules = (
			);
			dependencies = (
				1DFF9FE91EDBE45200100F9E /* PBXTargetDependency */,
			);
			name = genericClassesTests;
			productName = genericClassesTests;
			productReference = 1DFF9FE71EDBE45200100F9E /* genericClassesTests.xctest */;
			productType = "com.apple.product-type.bundle.unit-test";
		};
		1DFF9FF11EDBE45200100F9E /* genericClassesUITests */ = {
			isa = PBXNativeTarget;
			buildConfigurationList = 1DFFA0011EDBE45200100F9E /* Build configuration list for PBXNativeTarget "genericClassesUITests" */;
			buildPhases = (
				BC6294ECEE35F1F3BE7F71D5 /* [CP] Check Pods Manifest.lock */,
				1DFF9FEE1EDBE45200100F9E /* Sources */,
				1DFF9FEF1EDBE45200100F9E /* Frameworks */,
				1DFF9FF01EDBE45200100F9E /* Resources */,
				11F2AB90238371A5F70A07FB /* [CP] Embed Pods Frameworks */,
				D55A968179C01623046CF617 /* [CP] Copy Pods Resources */,
			);
			buildRules = (
			);
			dependencies = (
				1DFF9FF41EDBE45200100F9E /* PBXTargetDependency */,
			);
			name = genericClassesUITests;
			productName = genericClassesUITests;
			productReference = 1DFF9FF21EDBE45200100F9E /* genericClassesUITests.xctest */;
			productType = "com.apple.product-type.bundle.ui-testing";
		};
/* End PBXNativeTarget section */

/* Begin PBXProject section */
		1DFF9FC81EDBE45200100F9E /* Project object */ = {
			isa = PBXProject;
			attributes = {
				LastSwiftUpdateCheck = 0830;
				LastUpgradeCheck = 0830;
				ORGANIZATIONNAME = "Sierra 4";
				TargetAttributes = {
					1DFF9FCF1EDBE45200100F9E = {
						CreatedOnToolsVersion = 8.3.2;
						ProvisioningStyle = Automatic;
					};
					1DFF9FE61EDBE45200100F9E = {
						CreatedOnToolsVersion = 8.3.2;
						ProvisioningStyle = Automatic;
						TestTargetID = 1DFF9FCF1EDBE45200100F9E;
					};
					1DFF9FF11EDBE45200100F9E = {
						CreatedOnToolsVersion = 8.3.2;
						ProvisioningStyle = Automatic;
						TestTargetID = 1DFF9FCF1EDBE45200100F9E;
					};
				};
			};
			buildConfigurationList = 1DFF9FCB1EDBE45200100F9E /* Build configuration list for PBXProject "genericClasses" */;
			compatibilityVersion = "Xcode 3.2";
			developmentRegion = English;
			hasScannedForEncodings = 0;
			knownRegions = (
				en,
				Base,
			);
			mainGroup = 1DFF9FC71EDBE45200100F9E;
			productRefGroup = 1DFF9FD11EDBE45200100F9E /* Products */;
			projectDirPath = "";
			projectRoot = "";
			targets = (
				1DFF9FCF1EDBE45200100F9E /* genericClasses */,
				1DFF9FE61EDBE45200100F9E /* genericClassesTests */,
				1DFF9FF11EDBE45200100F9E /* genericClassesUITests */,
			);
		};
/* End PBXProject section */

/* Begin PBXResourcesBuildPhase section */
		1DFF9FCE1EDBE45200100F9E /* Resources */ = {
			isa = PBXResourcesBuildPhase;
			buildActionMask = 2147483647;
			files = (
				213D95661EDC2F0000487AE8 /* Main.storyboard in Resources */,
				1DFF9FDE1EDBE45200100F9E /* Assets.xcassets in Resources */,
				213D95651EDC2F0000487AE8 /* LaunchScreen.storyboard in Resources */,
			);
			runOnlyForDeploymentPostprocessing = 0;
		};
		1DFF9FE51EDBE45200100F9E /* Resources */ = {
			isa = PBXResourcesBuildPhase;
			buildActionMask = 2147483647;
			files = (
			);
			runOnlyForDeploymentPostprocessing = 0;
		};
		1DFF9FF01EDBE45200100F9E /* Resources */ = {
			isa = PBXResourcesBuildPhase;
			buildActionMask = 2147483647;
			files = (
			);
			runOnlyForDeploymentPostprocessing = 0;
		};
/* End PBXResourcesBuildPhase section */

/* Begin PBXShellScriptBuildPhase section */
		0027A38B2FE611355AE4091A /* [CP] Copy Pods Resources */ = {
			isa = PBXShellScriptBuildPhase;
			buildActionMask = 2147483647;
			files = (
			);
			inputPaths = (
			);
			name = "[CP] Copy Pods Resources";
			outputPaths = (
			);
			runOnlyForDeploymentPostprocessing = 0;
			shellPath = /bin/sh;
			shellScript = "\"${SRCROOT}/Pods/Target Support Files/Pods-genericClasses/Pods-genericClasses-resources.sh\"\n";
			showEnvVarsInLog = 0;
		};
		004090BE9FB702D344B2E385 /* [CP] Embed Pods Frameworks */ = {
			isa = PBXShellScriptBuildPhase;
			buildActionMask = 2147483647;
			files = (
			);
			inputPaths = (
			);
			name = "[CP] Embed Pods Frameworks";
			outputPaths = (
			);
			runOnlyForDeploymentPostprocessing = 0;
			shellPath = /bin/sh;
			shellScript = "\"${SRCROOT}/Pods/Target Support Files/Pods-genericClassesTests/Pods-genericClassesTests-frameworks.sh\"\n";
			showEnvVarsInLog = 0;
		};
		0830706E66214FDCFBF83684 /* [CP] Check Pods Manifest.lock */ = {
			isa = PBXShellScriptBuildPhase;
			buildActionMask = 2147483647;
			files = (
			);
			inputPaths = (
			);
			name = "[CP] Check Pods Manifest.lock";
			outputPaths = (
			);
			runOnlyForDeploymentPostprocessing = 0;
			shellPath = /bin/sh;
			shellScript = "diff \"${PODS_PODFILE_DIR_PATH}/Podfile.lock\" \"${PODS_ROOT}/Manifest.lock\" > /dev/null\nif [ $? != 0 ] ; then\n    # print error to STDERR\n    echo \"error: The sandbox is not in sync with the Podfile.lock. Run 'pod install' or update your CocoaPods installation.\" >&2\n    exit 1\nfi\n";
			showEnvVarsInLog = 0;
		};
		11F2AB90238371A5F70A07FB /* [CP] Embed Pods Frameworks */ = {
			isa = PBXShellScriptBuildPhase;
			buildActionMask = 2147483647;
			files = (
			);
			inputPaths = (
			);
			name = "[CP] Embed Pods Frameworks";
			outputPaths = (
			);
			runOnlyForDeploymentPostprocessing = 0;
			shellPath = /bin/sh;
			shellScript = "\"${SRCROOT}/Pods/Target Support Files/Pods-genericClassesUITests/Pods-genericClassesUITests-frameworks.sh\"\n";
			showEnvVarsInLog = 0;
		};
		2908F4815CEEA372C8439970 /* [CP] Embed Pods Frameworks */ = {
			isa = PBXShellScriptBuildPhase;
			buildActionMask = 2147483647;
			files = (
			);
			inputPaths = (
			);
			name = "[CP] Embed Pods Frameworks";
			outputPaths = (
			);
			runOnlyForDeploymentPostprocessing = 0;
			shellPath = /bin/sh;
			shellScript = "\"${SRCROOT}/Pods/Target Support Files/Pods-genericClasses/Pods-genericClasses-frameworks.sh\"\n";
			showEnvVarsInLog = 0;
		};
		78BDEF93E942DF98A0256739 /* [CP] Check Pods Manifest.lock */ = {
			isa = PBXShellScriptBuildPhase;
			buildActionMask = 2147483647;
			files = (
			);
			inputPaths = (
			);
			name = "[CP] Check Pods Manifest.lock";
			outputPaths = (
			);
			runOnlyForDeploymentPostprocessing = 0;
			shellPath = /bin/sh;
			shellScript = "diff \"${PODS_PODFILE_DIR_PATH}/Podfile.lock\" \"${PODS_ROOT}/Manifest.lock\" > /dev/null\nif [ $? != 0 ] ; then\n    # print error to STDERR\n    echo \"error: The sandbox is not in sync with the Podfile.lock. Run 'pod install' or update your CocoaPods installation.\" >&2\n    exit 1\nfi\n";
			showEnvVarsInLog = 0;
		};
		B5A7375A2F21551C643D1F06 /* [CP] Copy Pods Resources */ = {
			isa = PBXShellScriptBuildPhase;
			buildActionMask = 2147483647;
			files = (
			);
			inputPaths = (
			);
			name = "[CP] Copy Pods Resources";
			outputPaths = (
			);
			runOnlyForDeploymentPostprocessing = 0;
			shellPath = /bin/sh;
			shellScript = "\"${SRCROOT}/Pods/Target Support Files/Pods-genericClassesTests/Pods-genericClassesTests-resources.sh\"\n";
			showEnvVarsInLog = 0;
		};
		BC6294ECEE35F1F3BE7F71D5 /* [CP] Check Pods Manifest.lock */ = {
			isa = PBXShellScriptBuildPhase;
			buildActionMask = 2147483647;
			files = (
			);
			inputPaths = (
			);
			name = "[CP] Check Pods Manifest.lock";
			outputPaths = (
			);
			runOnlyForDeploymentPostprocessing = 0;
			shellPath = /bin/sh;
			shellScript = "diff \"${PODS_PODFILE_DIR_PATH}/Podfile.lock\" \"${PODS_ROOT}/Manifest.lock\" > /dev/null\nif [ $? != 0 ] ; then\n    # print error to STDERR\n    echo \"error: The sandbox is not in sync with the Podfile.lock. Run 'pod install' or update your CocoaPods installation.\" >&2\n    exit 1\nfi\n";
			showEnvVarsInLog = 0;
		};
		D55A968179C01623046CF617 /* [CP] Copy Pods Resources */ = {
			isa = PBXShellScriptBuildPhase;
			buildActionMask = 2147483647;
			files = (
			);
			inputPaths = (
			);
			name = "[CP] Copy Pods Resources";
			outputPaths = (
			);
			runOnlyForDeploymentPostprocessing = 0;
			shellPath = /bin/sh;
			shellScript = "\"${SRCROOT}/Pods/Target Support Files/Pods-genericClassesUITests/Pods-genericClassesUITests-resources.sh\"\n";
			showEnvVarsInLog = 0;
		};
/* End PBXShellScriptBuildPhase section */

/* Begin PBXSourcesBuildPhase section */
		1DFF9FCC1EDBE45200100F9E /* Sources */ = {
			isa = PBXSourcesBuildPhase;
			buildActionMask = 2147483647;
			files = (
				213D95611EDC2F0000487AE8 /* AppDelegate.swift in Sources */,
				213D95621EDC2F0000487AE8 /* springEffect.swift in Sources */,
				213D95631EDC2F0000487AE8 /* textFieldMaterial.swift in Sources */,
				213D95641EDC2F0000487AE8 /* ViewController.swift in Sources */,
				1DFF9FDC1EDBE45200100F9E /* genericClasses.xcdatamodeld in Sources */,
			);
			runOnlyForDeploymentPostprocessing = 0;
		};
		1DFF9FE31EDBE45200100F9E /* Sources */ = {
			isa = PBXSourcesBuildPhase;
			buildActionMask = 2147483647;
			files = (
				1DFF9FEC1EDBE45200100F9E /* genericClassesTests.swift in Sources */,
			);
			runOnlyForDeploymentPostprocessing = 0;
		};
		1DFF9FEE1EDBE45200100F9E /* Sources */ = {
			isa = PBXSourcesBuildPhase;
			buildActionMask = 2147483647;
			files = (
				1DFF9FF71EDBE45200100F9E /* genericClassesUITests.swift in Sources */,
			);
			runOnlyForDeploymentPostprocessing = 0;
		};
/* End PBXSourcesBuildPhase section */

/* Begin PBXTargetDependency section */
		1DFF9FE91EDBE45200100F9E /* PBXTargetDependency */ = {
			isa = PBXTargetDependency;
			target = 1DFF9FCF1EDBE45200100F9E /* genericClasses */;
			targetProxy = 1DFF9FE81EDBE45200100F9E /* PBXContainerItemProxy */;
		};
		1DFF9FF41EDBE45200100F9E /* PBXTargetDependency */ = {
			isa = PBXTargetDependency;
			target = 1DFF9FCF1EDBE45200100F9E /* genericClasses */;
			targetProxy = 1DFF9FF31EDBE45200100F9E /* PBXContainerItemProxy */;
		};
/* End PBXTargetDependency section */

/* Begin XCBuildConfiguration section */
		1DFF9FF91EDBE45200100F9E /* Debug */ = {
			isa = XCBuildConfiguration;
			buildSettings = {
				ALWAYS_SEARCH_USER_PATHS = NO;
				CLANG_ANALYZER_NONNULL = YES;
				CLANG_ANALYZER_NUMBER_OBJECT_CONVERSION = YES_AGGRESSIVE;
				CLANG_CXX_LANGUAGE_STANDARD = "gnu++0x";
				CLANG_CXX_LIBRARY = "libc++";
				CLANG_ENABLE_MODULES = YES;
				CLANG_ENABLE_OBJC_ARC = YES;
				CLANG_WARN_BOOL_CONVERSION = YES;
				CLANG_WARN_CONSTANT_CONVERSION = YES;
				CLANG_WARN_DIRECT_OBJC_ISA_USAGE = YES_ERROR;
				CLANG_WARN_DOCUMENTATION_COMMENTS = YES;
				CLANG_WARN_EMPTY_BODY = YES;
				CLANG_WARN_ENUM_CONVERSION = YES;
				CLANG_WARN_INFINITE_RECURSION = YES;
				CLANG_WARN_INT_CONVERSION = YES;
				CLANG_WARN_OBJC_ROOT_CLASS = YES_ERROR;
				CLANG_WARN_SUSPICIOUS_MOVE = YES;
				CLANG_WARN_UNREACHABLE_CODE = YES;
				CLANG_WARN__DUPLICATE_METHOD_MATCH = YES;
				"CODE_SIGN_IDENTITY[sdk=iphoneos*]" = "iPhone Developer";
				COPY_PHASE_STRIP = NO;
				DEBUG_INFORMATION_FORMAT = dwarf;
				ENABLE_STRICT_OBJC_MSGSEND = YES;
				ENABLE_TESTABILITY = YES;
				GCC_C_LANGUAGE_STANDARD = gnu99;
				GCC_DYNAMIC_NO_PIC = NO;
				GCC_NO_COMMON_BLOCKS = YES;
				GCC_OPTIMIZATION_LEVEL = 0;
				GCC_PREPROCESSOR_DEFINITIONS = (
					"DEBUG=1",
					"$(inherited)",
				);
				GCC_WARN_64_TO_32_BIT_CONVERSION = YES;
				GCC_WARN_ABOUT_RETURN_TYPE = YES_ERROR;
				GCC_WARN_UNDECLARED_SELECTOR = YES;
				GCC_WARN_UNINITIALIZED_AUTOS = YES_AGGRESSIVE;
				GCC_WARN_UNUSED_FUNCTION = YES;
				GCC_WARN_UNUSED_VARIABLE = YES;
				IPHONEOS_DEPLOYMENT_TARGET = 10.0;
				MTL_ENABLE_DEBUG_INFO = YES;
				ONLY_ACTIVE_ARCH = YES;
				SDKROOT = iphoneos;
				SWIFT_ACTIVE_COMPILATION_CONDITIONS = DEBUG;
				SWIFT_OPTIMIZATION_LEVEL = "-Onone";
			};
			name = Debug;
		};
		1DFF9FFA1EDBE45200100F9E /* Release */ = {
			isa = XCBuildConfiguration;
			buildSettings = {
				ALWAYS_SEARCH_USER_PATHS = NO;
				CLANG_ANALYZER_NONNULL = YES;
				CLANG_ANALYZER_NUMBER_OBJECT_CONVERSION = YES_AGGRESSIVE;
				CLANG_CXX_LANGUAGE_STANDARD = "gnu++0x";
				CLANG_CXX_LIBRARY = "libc++";
				CLANG_ENABLE_MODULES = YES;
				CLANG_ENABLE_OBJC_ARC = YES;
				CLANG_WARN_BOOL_CONVERSION = YES;
				CLANG_WARN_CONSTANT_CONVERSION = YES;
				CLANG_WARN_DIRECT_OBJC_ISA_USAGE = YES_ERROR;
				CLANG_WARN_DOCUMENTATION_COMMENTS = YES;
				CLANG_WARN_EMPTY_BODY = YES;
				CLANG_WARN_ENUM_CONVERSION = YES;
				CLANG_WARN_INFINITE_RECURSION = YES;
				CLANG_WARN_INT_CONVERSION = YES;
				CLANG_WARN_OBJC_ROOT_CLASS = YES_ERROR;
				CLANG_WARN_SUSPICIOUS_MOVE = YES;
				CLANG_WARN_UNREACHABLE_CODE = YES;
				CLANG_WARN__DUPLICATE_METHOD_MATCH = YES;
				"CODE_SIGN_IDENTITY[sdk=iphoneos*]" = "iPhone Developer";
				COPY_PHASE_STRIP = NO;
				DEBUG_INFORMATION_FORMAT = "dwarf-with-dsym";
				ENABLE_NS_ASSERTIONS = NO;
				ENABLE_STRICT_OBJC_MSGSEND = YES;
				GCC_C_LANGUAGE_STANDARD = gnu99;
				GCC_NO_COMMON_BLOCKS = YES;
				GCC_WARN_64_TO_32_BIT_CONVERSION = YES;
				GCC_WARN_ABOUT_RETURN_TYPE = YES_ERROR;
				GCC_WARN_UNDECLARED_SELECTOR = YES;
				GCC_WARN_UNINITIALIZED_AUTOS = YES_AGGRESSIVE;
				GCC_WARN_UNUSED_FUNCTION = YES;
				GCC_WARN_UNUSED_VARIABLE = YES;
				IPHONEOS_DEPLOYMENT_TARGET = 10.0;
				MTL_ENABLE_DEBUG_INFO = NO;
				SDKROOT = iphoneos;
				SWIFT_OPTIMIZATION_LEVEL = "-Owholemodule";
				VALIDATE_PRODUCT = YES;
			};
			name = Release;
		};
		1DFF9FFC1EDBE45200100F9E /* Debug */ = {
			isa = XCBuildConfiguration;
			baseConfigurationReference = 35839E807923ECDF23A8EE0D /* Pods-genericClasses.debug.xcconfig */;
			buildSettings = {
				ASSETCATALOG_COMPILER_APPICON_NAME = AppIcon;
				INFOPLIST_FILE = genericClasses/Info.plist;
				LD_RUNPATH_SEARCH_PATHS = "$(inherited) @executable_path/Frameworks";
				PRODUCT_BUNDLE_IDENTIFIER = com.rarabhi.genericClasses;
				PRODUCT_NAME = "$(TARGET_NAME)";
				SWIFT_VERSION = 3.0;
			};
			name = Debug;
		};
		1DFF9FFD1EDBE45200100F9E /* Release */ = {
			isa = XCBuildConfiguration;
			baseConfigurationReference = B6223E2867BE9F2CFBA0BB4B /* Pods-genericClasses.release.xcconfig */;
			buildSettings = {
				ASSETCATALOG_COMPILER_APPICON_NAME = AppIcon;
				INFOPLIST_FILE = genericClasses/Info.plist;
				LD_RUNPATH_SEARCH_PATHS = "$(inherited) @executable_path/Frameworks";
				PRODUCT_BUNDLE_IDENTIFIER = com.rarabhi.genericClasses;
				PRODUCT_NAME = "$(TARGET_NAME)";
				SWIFT_VERSION = 3.0;
			};
			name = Release;
		};
		1DFF9FFF1EDBE45200100F9E /* Debug */ = {
			isa = XCBuildConfiguration;
			baseConfigurationReference = 2E78A84C68B44F2BBA97B539 /* Pods-genericClassesTests.debug.xcconfig */;
			buildSettings = {
				ALWAYS_EMBED_SWIFT_STANDARD_LIBRARIES = YES;
				BUNDLE_LOADER = "$(TEST_HOST)";
				INFOPLIST_FILE = genericClassesTests/Info.plist;
				LD_RUNPATH_SEARCH_PATHS = "$(inherited) @executable_path/Frameworks @loader_path/Frameworks";
				PRODUCT_BUNDLE_IDENTIFIER = com.rarabhi.genericClassesTests;
				PRODUCT_NAME = "$(TARGET_NAME)";
				SWIFT_VERSION = 3.0;
				TEST_HOST = "$(BUILT_PRODUCTS_DIR)/genericClasses.app/genericClasses";
			};
			name = Debug;
		};
		1DFFA0001EDBE45200100F9E /* Release */ = {
			isa = XCBuildConfiguration;
			baseConfigurationReference = 5022F8AC4E58EC69F86A090C /* Pods-genericClassesTests.release.xcconfig */;
			buildSettings = {
				ALWAYS_EMBED_SWIFT_STANDARD_LIBRARIES = YES;
				BUNDLE_LOADER = "$(TEST_HOST)";
				INFOPLIST_FILE = genericClassesTests/Info.plist;
				LD_RUNPATH_SEARCH_PATHS = "$(inherited) @executable_path/Frameworks @loader_path/Frameworks";
				PRODUCT_BUNDLE_IDENTIFIER = com.rarabhi.genericClassesTests;
				PRODUCT_NAME = "$(TARGET_NAME)";
				SWIFT_VERSION = 3.0;
				TEST_HOST = "$(BUILT_PRODUCTS_DIR)/genericClasses.app/genericClasses";
			};
			name = Release;
		};
		1DFFA0021EDBE45200100F9E /* Debug */ = {
			isa = XCBuildConfiguration;
			baseConfigurationReference = C5185574E05CA06DB750FBDA /* Pods-genericClassesUITests.debug.xcconfig */;
			buildSettings = {
				ALWAYS_EMBED_SWIFT_STANDARD_LIBRARIES = YES;
				INFOPLIST_FILE = genericClassesUITests/Info.plist;
				LD_RUNPATH_SEARCH_PATHS = "$(inherited) @executable_path/Frameworks @loader_path/Frameworks";
				PRODUCT_BUNDLE_IDENTIFIER = com.rarabhi.genericClassesUITests;
				PRODUCT_NAME = "$(TARGET_NAME)";
				SWIFT_VERSION = 3.0;
				TEST_TARGET_NAME = genericClasses;
			};
			name = Debug;
		};
		1DFFA0031EDBE45200100F9E /* Release */ = {
			isa = XCBuildConfiguration;
			baseConfigurationReference = 694D2A4E0B4E80DE1FBC0415 /* Pods-genericClassesUITests.release.xcconfig */;
			buildSettings = {
				ALWAYS_EMBED_SWIFT_STANDARD_LIBRARIES = YES;
				INFOPLIST_FILE = genericClassesUITests/Info.plist;
				LD_RUNPATH_SEARCH_PATHS = "$(inherited) @executable_path/Frameworks @loader_path/Frameworks";
				PRODUCT_BUNDLE_IDENTIFIER = com.rarabhi.genericClassesUITests;
				PRODUCT_NAME = "$(TARGET_NAME)";
				SWIFT_VERSION = 3.0;
				TEST_TARGET_NAME = genericClasses;
			};
			name = Release;
		};
/* End XCBuildConfiguration section */

/* Begin XCConfigurationList section */
		1DFF9FCB1EDBE45200100F9E /* Build configuration list for PBXProject "genericClasses" */ = {
			isa = XCConfigurationList;
			buildConfigurations = (
				1DFF9FF91EDBE45200100F9E /* Debug */,
				1DFF9FFA1EDBE45200100F9E /* Release */,
			);
			defaultConfigurationIsVisible = 0;
			defaultConfigurationName = Release;
		};
		1DFF9FFB1EDBE45200100F9E /* Build configuration list for PBXNativeTarget "genericClasses" */ = {
			isa = XCConfigurationList;
			buildConfigurations = (
				1DFF9FFC1EDBE45200100F9E /* Debug */,
				1DFF9FFD1EDBE45200100F9E /* Release */,
			);
			defaultConfigurationIsVisible = 0;
			defaultConfigurationName = Release;
		};
		1DFF9FFE1EDBE45200100F9E /* Build configuration list for PBXNativeTarget "genericClassesTests" */ = {
			isa = XCConfigurationList;
			buildConfigurations = (
				1DFF9FFF1EDBE45200100F9E /* Debug */,
				1DFFA0001EDBE45200100F9E /* Release */,
			);
			defaultConfigurationIsVisible = 0;
			defaultConfigurationName = Release;
		};
		1DFFA0011EDBE45200100F9E /* Build configuration list for PBXNativeTarget "genericClassesUITests" */ = {
			isa = XCConfigurationList;
			buildConfigurations = (
				1DFFA0021EDBE45200100F9E /* Debug */,
				1DFFA0031EDBE45200100F9E /* Release */,
			);
			defaultConfigurationIsVisible = 0;
			defaultConfigurationName = Release;
		};
/* End XCConfigurationList section */

/* Begin XCVersionGroup section */
		1DFF9FDA1EDBE45200100F9E /* genericClasses.xcdatamodeld */ = {
			isa = XCVersionGroup;
			children = (
				1DFF9FDB1EDBE45200100F9E /* genericClasses.xcdatamodel */,
			);
			currentVersion = 1DFF9FDB1EDBE45200100F9E /* genericClasses.xcdatamodel */;
			path = genericClasses.xcdatamodeld;
			sourceTree = "<group>";
			versionGroupType = wrapper.xcdatamodel;
		};
/* End XCVersionGroup section */
	};
	rootObject = 1DFF9FC81EDBE45200100F9E /* Project object */;
}
